
Microsoft Visual Studio Solution File, Format Version 12.00
# Visual Studio 15
VisualStudioVersion = 15.0.28307.1062
MinimumVisualStudioVersion = 10.0.40219.1
Project("{FAE04EC0-301F-11D3-BF4B-00C04F79EFBC}") = "WpfMVVM", "WpfMVVM\WpfMVVM.csproj", "{6E41DA93-6117-4AC0-9B61-DF46C8704F5D}"
EndProject
Global
	GlobalSection(SolutionConfigurationPlatforms) = preSolution
		Debug|Any CPU = Debug|Any CPU
		Release|Any CPU = Release|Any CPU
	EndGlobalSection
	GlobalSection(ProjectConfigurationPlatforms) = postSolution
		{6E41DA93-6117-4AC0-9B61-DF46C8704F5D}.Debug|Any CPU.ActiveCfg = Debug|Any CPU
		{6E41DA93-6117-4AC0-9B61-DF46C8704F5D}.Debug|Any CPU.Build.0 = Debug|Any CPU
		{6E41DA93-6117-4AC0-9B61-DF46C8704F5D}.Release|Any CPU.ActiveCfg = Release|Any CPU
		{6E41DA93-6117-4AC0-9B61-DF46C8704F5D}.Release|Any CPU.Build.0 = Release|Any CPU
	EndGlobalSection
	GlobalSection(SolutionProperties) = preSolution
		HideSolutionNode = FALSE
	EndGlobalSection
	GlobalSection(ExtensibilityGlobals) = postSolution
		SolutionGuid = {AE1B2B35-2276-4697-BE18-D65531910089}
	EndGlobalSection
EndGlobal
